
Microsoft Visual Studio Solution File, Format Version 12.00
# Visual Studio Version 17
VisualStudioVersion = 17.9.34616.47
MinimumVisualStudioVersion = 10.0.40219.1
Project("{9A19103F-16F7-4668-BE54-9A1E7A4F7556}") = "OPAQUE.Net", "OPAQUE.Net.csproj", "{1D10B43F-FAB5-4BE9-92A3-0AF4F4FBEA75}"
EndProject
Project("{9A19103F-16F7-4668-BE54-9A1E7A4F7556}") = "Test", "..\Test\Test.csproj", "{B0683D50-2628-4CD7-A27E-48A464782BAB}"
EndProject
Global
	GlobalSection(SolutionConfigurationPlatforms) = preSolution
		Debug|Any CPU = Debug|Any CPU
		Release|Any CPU = Release|Any CPU
	EndGlobalSection
	GlobalSection(ProjectConfigurationPlatforms) = postSolution
		{1D10B43F-FAB5-4BE9-92A3-0AF4F4FBEA75}.Debug|Any CPU.ActiveCfg = Debug|Any CPU
		{1D10B43F-FAB5-4BE9-92A3-0AF4F4FBEA75}.Debug|Any CPU.Build.0 = Debug|Any CPU
		{1D10B43F-FAB5-4BE9-92A3-0AF4F4FBEA75}.Release|Any CPU.ActiveCfg = Release|Any CPU
		{1D10B43F-FAB5-4BE9-92A3-0AF4F4FBEA75}.Release|Any CPU.Build.0 = Release|Any CPU
		{B0683D50-2628-4CD7-A27E-48A464782BAB}.Debug|Any CPU.ActiveCfg = Debug|Any CPU
		{B0683D50-2628-4CD7-A27E-48A464782BAB}.Debug|Any CPU.Build.0 = Debug|Any CPU
		{B0683D50-2628-4CD7-A27E-48A464782BAB}.Release|Any CPU.ActiveCfg = Release|Any CPU
		{B0683D50-2628-4CD7-A27E-48A464782BAB}.Release|Any CPU.Build.0 = Release|Any CPU
	EndGlobalSection
	GlobalSection(SolutionProperties) = preSolution
		HideSolutionNode = FALSE
	EndGlobalSection
	GlobalSection(ExtensibilityGlobals) = postSolution
		SolutionGuid = {FF1A05EF-FB91-479A-B04C-FC4FD2E5DADD}
	EndGlobalSection
EndGlobal
